{
  "name": "joks",
  "version": "1.0.4",
  "lockfileVersion": 2,
  "requires": true,
  "packages": {
    "": {
      "name": "joks",
      "version": "1.0.4",
      "license": "MIT",
      "dependencies": {
        "chalk": "5.2.0",
        "commander": "^10.0.0",
        "fs-extra": "^11.1.1",
        "semver": "^7.5.4",
        "tar": "^6.1.13"
      },
      "bin": {
        "joks": "bin/joks.js"
      }
    },
    "node_modules/chalk": {
      "version": "5.2.0",
      "resolved": "https://registry.npmjs.org/chalk/-/chalk-5.2.0.tgz",
      "integrity": "sha512-ree3Gqw/nazQAPuJJEy+avdl7QfZMcUvmHIKgEZkGL+xOBzRvup5Hxo6LHuMceSxOabuJLJm5Yp/92R9eMmMvA==",
      "engines": {
        "node": "^12.17.0 || ^14.13 || >=16.0.0"
      },
      "funding": {
        "url": "https://github.com/chalk/chalk?sponsor=1"
      }
    },
    "node_modules/chownr": {
      "version": "2.0.0",
      "resolved": "https://registry.npmjs.org/chownr/-/chownr-2.0.0.tgz",
      "integrity": "sha512-bIomtDF5KGpdogkLd9VspvFzk9KfpyyGlS8YFVZl7TGPBHL5snIOnxeshwVgPteQ9b4Eydl+pVbIyE1DcvCWgQ==",
      "engines": {
        "node": ">=10"
      }
    },
    "node_modules/commander": {
      "version": "10.0.0",
      "resolved": "https://registry.npmjs.org/commander/-/commander-10.0.0.tgz",
      "integrity": "sha512-zS5PnTI22FIRM6ylNW8G4Ap0IEOyk62fhLSD0+uHRT9McRCLGpkVNvao4bjimpK/GShynyQkFFxHhwMcETmduA==",
      "engines": {
        "node": ">=14"
      }
    },
    "node_modules/fs-extra": {
      "version": "11.1.1",
      "resolved": "https://registry.npmjs.org/fs-extra/-/fs-extra-11.1.1.tgz",
      "integrity": "sha512-MGIE4HOvQCeUCzmlHs0vXpih4ysz4wg9qiSAu6cd42lVwPbTM1TjV7RusoyQqMmk/95gdQZX72u+YW+c3eEpFQ==",
      "dependencies": {
        "graceful-fs": "^4.2.0",
        "jsonfile": "^6.0.1",
        "universalify": "^2.0.0"
      },
      "engines": {
        "node": ">=14.14"
      }
    },
    "node_modules/fs-minipass": {
      "version": "2.1.0",
      "resolved": "https://registry.npmjs.org/fs-minipass/-/fs-minipass-2.1.0.tgz",
      "integrity": "sha512-V/JgOLFCS+R6Vcq0slCuaeWEdNC3ouDlJMNIsacH2VtALiu9mV4LPrHc5cDl8k5aw6J8jwgWWpiTo5RYhmIzvg==",
      "dependencies": {
        "minipass": "^3.0.0"
      },
      "engines": {
        "node": ">= 8"
      }
    },
    "node_modules/fs-minipass/node_modules/minipass": {
      "version": "3.3.6",
      "resolved": "https://registry.npmjs.org/minipass/-/minipass-3.3.6.tgz",
      "integrity": "sha512-DxiNidxSEK+tHG6zOIklvNOwm3hvCrbUrdtzY74U6HKTJxvIDfOUL5W5P2Ghd3DTkhhKPYGqeNUIh5qcM4YBfw==",
      "dependencies": {
        "yallist": "^4.0.0"
      },
      "engines": {
        "node": ">=8"
      }
    },
    "node_modules/graceful-fs": {
      "version": "4.2.11",
      "resolved": "https://registry.npmjs.org/graceful-fs/-/graceful-fs-4.2.11.tgz",
      "integrity": "sha512-RbJ5/jmFcNNCcDV5o9eTnBLJ/HszWV0P73bc+Ff4nS/rJj+YaS6IGyiOL0VoBYX+l1Wrl3k63h/KrH+nhJ0XvQ=="
    },
    "node_modules/jsonfile": {
      "version": "6.1.0",
      "resolved": "https://registry.npmjs.org/jsonfile/-/jsonfile-6.1.0.tgz",
      "integrity": "sha512-5dgndWOriYSm5cnYaJNhalLNDKOqFwyDB/rr1E9ZsGciGvKPs8R2xYGCacuf3z6K1YKDz182fd+fY3cn3pMqXQ==",
      "dependencies": {
        "universalify": "^2.0.0"
      },
      "optionalDependencies": {
        "graceful-fs": "^4.1.6"
      }
    },
    "node_modules/lru-cache": {
      "version": "6.0.0",
      "resolved": "https://registry.npmjs.org/lru-cache/-/lru-cache-6.0.0.tgz",
      "integrity": "sha512-Jo6dJ04CmSjuznwJSS3pUeWmd/H0ffTlkXXgwZi+eq1UCmqQwCh+eLsYOYCwY991i2Fah4h1BEMCx4qThGbsiA==",
      "dependencies": {
        "yallist": "^4.0.0"
      },
      "engines": {
        "node": ">=10"
      }
    },
    "node_modules/minipass": {
      "version": "4.2.4",
      "resolved": "https://registry.npmjs.org/minipass/-/minipass-4.2.4.tgz",
      "integrity": "sha512-lwycX3cBMTvcejsHITUgYj6Gy6A7Nh4Q6h9NP4sTHY1ccJlC7yKzDmiShEHsJ16Jf1nKGDEaiHxiltsJEvk0nQ==",
      "engines": {
        "node": ">=8"
      }
    },
    "node_modules/minizlib": {
      "version": "2.1.2",
      "resolved": "https://registry.npmjs.org/minizlib/-/minizlib-2.1.2.tgz",
      "integrity": "sha512-bAxsR8BVfj60DWXHE3u30oHzfl4G7khkSuPW+qvpd7jFRHm7dLxOjUk1EHACJ/hxLY8phGJ0YhYHZo7jil7Qdg==",
      "dependencies": {
        "minipass": "^3.0.0",
        "yallist": "^4.0.0"
      },
      "engines": {
        "node": ">= 8"
      }
    },
    "node_modules/minizlib/node_modules/minipass": {
      "version": "3.3.6",
      "resolved": "https://registry.npmjs.org/minipass/-/minipass-3.3.6.tgz",
      "integrity": "sha512-DxiNidxSEK+tHG6zOIklvNOwm3hvCrbUrdtzY74U6HKTJxvIDfOUL5W5P2Ghd3DTkhhKPYGqeNUIh5qcM4YBfw==",
      "dependencies": {
        "yallist": "^4.0.0"
      },
      "engines": {
        "node": ">=8"
      }
    },
    "node_modules/mkdirp": {
      "version": "1.0.4",
      "resolved": "https://registry.npmjs.org/mkdirp/-/mkdirp-1.0.4.tgz",
      "integrity": "sha512-vVqVZQyf3WLx2Shd0qJ9xuvqgAyKPLAiqITEtqW0oIUjzo3PePDd6fW9iFz30ef7Ysp/oiWqbhszeGWW2T6Gzw==",
      "bin": {
        "mkdirp": "bin/cmd.js"
      },
      "engines": {
        "node": ">=10"
      }
    },
    "node_modules/semver": {
      "version": "7.5.4",
      "resolved": "https://registry.npmjs.org/semver/-/semver-7.5.4.tgz",
      "integrity": "sha512-1bCSESV6Pv+i21Hvpxp3Dx+pSD8lIPt8uVjRrxAUt/nbswYc+tK6Y2btiULjd4+fnq15PX+nqQDC7Oft7WkwcA==",
      "dependencies": {
        "lru-cache": "^6.0.0"
      },
      "bin": {
        "semver": "bin/semver.js"
      },
      "engines": {
        "node": ">=10"
      }
    },
    "node_modules/tar": {
      "version": "6.1.13",
      "resolved": "https://registry.npmjs.org/tar/-/tar-6.1.13.tgz",
      "integrity": "sha512-jdIBIN6LTIe2jqzay/2vtYLlBHa3JF42ot3h1dW8Q0PaAG4v8rm0cvpVePtau5C6OKXGGcgO9q2AMNSWxiLqKw==",
      "dependencies": {
        "chownr": "^2.0.0",
        "fs-minipass": "^2.0.0",
        "minipass": "^4.0.0",
        "minizlib": "^2.1.1",
        "mkdirp": "^1.0.3",
        "yallist": "^4.0.0"
      },
      "engines": {
        "node": ">=10"
      }
    },
    "node_modules/universalify": {
      "version": "2.0.1",
      "resolved": "https://registry.npmjs.org/universalify/-/universalify-2.0.1.tgz",
      "integrity": "sha512-gptHNQghINnc/vTGIk0SOFGFNXw7JVrlRUtConJRlvaw6DuX0wO5Jeko9sWrMBhh+PsYAZ7oXAiOnf/UKogyiw==",
      "engines": {
        "node": ">= 10.0.0"
      }
    },
    "node_modules/yallist": {
      "version": "4.0.0",
      "resolved": "https://registry.npmjs.org/yallist/-/yallist-4.0.0.tgz",
      "integrity": "sha512-3wdGidZyq5PB084XLES5TpOSRA3wjXAlIWMhum2kRcv/41Sn2emQ0dycQW4uZXLejwKvg6EsvbdlVL+FYEct7A=="
    }
  },
  "dependencies": {
    "chalk": {
      "version": "5.2.0",
      "resolved": "https://registry.npmjs.org/chalk/-/chalk-5.2.0.tgz",
      "integrity": "sha512-ree3Gqw/nazQAPuJJEy+avdl7QfZMcUvmHIKgEZkGL+xOBzRvup5Hxo6LHuMceSxOabuJLJm5Yp/92R9eMmMvA=="
    },
    "chownr": {
      "version": "2.0.0",
      "resolved": "https://registry.npmjs.org/chownr/-/chownr-2.0.0.tgz",
      "integrity": "sha512-bIomtDF5KGpdogkLd9VspvFzk9KfpyyGlS8YFVZl7TGPBHL5snIOnxeshwVgPteQ9b4Eydl+pVbIyE1DcvCWgQ=="
    },
    "commander": {
      "version": "10.0.0",
      "resolved": "https://registry.npmjs.org/commander/-/commander-10.0.0.tgz",
      "integrity": "sha512-zS5PnTI22FIRM6ylNW8G4Ap0IEOyk62fhLSD0+uHRT9McRCLGpkVNvao4bjimpK/GShynyQkFFxHhwMcETmduA=="
    },
    "fs-extra": {
      "version": "11.1.1",
      "resolved": "https://registry.npmjs.org/fs-extra/-/fs-extra-11.1.1.tgz",
      "integrity": "sha512-MGIE4HOvQCeUCzmlHs0vXpih4ysz4wg9qiSAu6cd42lVwPbTM1TjV7RusoyQqMmk/95gdQZX72u+YW+c3eEpFQ==",
      "requires": {
        "graceful-fs": "^4.2.0",
        "jsonfile": "^6.0.1",
        "universalify": "^2.0.0"
      }
    },
    "fs-minipass": {
      "version": "2.1.0",
      "resolved": "https://registry.npmjs.org/fs-minipass/-/fs-minipass-2.1.0.tgz",
      "integrity": "sha512-V/JgOLFCS+R6Vcq0slCuaeWEdNC3ouDlJMNIsacH2VtALiu9mV4LPrHc5cDl8k5aw6J8jwgWWpiTo5RYhmIzvg==",
      "requires": {
        "minipass": "^3.0.0"
      },
      "dependencies": {
        "minipass": {
          "version": "3.3.6",
          "resolved": "https://registry.npmjs.org/minipass/-/minipass-3.3.6.tgz",
          "integrity": "sha512-DxiNidxSEK+tHG6zOIklvNOwm3hvCrbUrdtzY74U6HKTJxvIDfOUL5W5P2Ghd3DTkhhKPYGqeNUIh5qcM4YBfw==",
          "requires": {
            "yallist": "^4.0.0"
          }
        }
      }
    },
    "graceful-fs": {
      "version": "4.2.11",
      "resolved": "https://registry.npmjs.org/graceful-fs/-/graceful-fs-4.2.11.tgz",
      "integrity": "sha512-RbJ5/jmFcNNCcDV5o9eTnBLJ/HszWV0P73bc+Ff4nS/rJj+YaS6IGyiOL0VoBYX+l1Wrl3k63h/KrH+nhJ0XvQ=="
    },
    "jsonfile": {
      "version": "6.1.0",
      "resolved": "https://registry.npmjs.org/jsonfile/-/jsonfile-6.1.0.tgz",
      "integrity": "sha512-5dgndWOriYSm5cnYaJNhalLNDKOqFwyDB/rr1E9ZsGciGvKPs8R2xYGCacuf3z6K1YKDz182fd+fY3cn3pMqXQ==",
      "requires": {
        "graceful-fs": "^4.1.6",
        "universalify": "^2.0.0"
      }
    },
    "lru-cache": {
      "version": "6.0.0",
      "resolved": "https://registry.npmjs.org/lru-cache/-/lru-cache-6.0.0.tgz",
      "integrity": "sha512-Jo6dJ04CmSjuznwJSS3pUeWmd/H0ffTlkXXgwZi+eq1UCmqQwCh+eLsYOYCwY991i2Fah4h1BEMCx4qThGbsiA==",
      "requires": {
        "yallist": "^4.0.0"
      }
    },
    "minipass": {
      "version": "4.2.4",
      "resolved": "https://registry.npmjs.org/minipass/-/minipass-4.2.4.tgz",
      "integrity": "sha512-lwycX3cBMTvcejsHITUgYj6Gy6A7Nh4Q6h9NP4sTHY1ccJlC7yKzDmiShEHsJ16Jf1nKGDEaiHxiltsJEvk0nQ=="
    },
    "minizlib": {
      "version": "2.1.2",
      "resolved": "https://registry.npmjs.org/minizlib/-/minizlib-2.1.2.tgz",
      "integrity": "sha512-bAxsR8BVfj60DWXHE3u30oHzfl4G7khkSuPW+qvpd7jFRHm7dLxOjUk1EHACJ/hxLY8phGJ0YhYHZo7jil7Qdg==",
      "requires": {
        "minipass": "^3.0.0",
        "yallist": "^4.0.0"
      },
      "dependencies": {
        "minipass": {
          "version": "3.3.6",
          "resolved": "https://registry.npmjs.org/minipass/-/minipass-3.3.6.tgz",
          "integrity": "sha512-DxiNidxSEK+tHG6zOIklvNOwm3hvCrbUrdtzY74U6HKTJxvIDfOUL5W5P2Ghd3DTkhhKPYGqeNUIh5qcM4YBfw==",
          "requires": {
            "yallist": "^4.0.0"
          }
        }
      }
    },
    "mkdirp": {
      "version": "1.0.4",
      "resolved": "https://registry.npmjs.org/mkdirp/-/mkdirp-1.0.4.tgz",
      "integrity": "sha512-vVqVZQyf3WLx2Shd0qJ9xuvqgAyKPLAiqITEtqW0oIUjzo3PePDd6fW9iFz30ef7Ysp/oiWqbhszeGWW2T6Gzw=="
    },
    "semver": {
      "version": "7.5.4",
      "resolved": "https://registry.npmjs.org/semver/-/semver-7.5.4.tgz",
      "integrity": "sha512-1bCSESV6Pv+i21Hvpxp3Dx+pSD8lIPt8uVjRrxAUt/nbswYc+tK6Y2btiULjd4+fnq15PX+nqQDC7Oft7WkwcA==",
      "requires": {
        "lru-cache": "^6.0.0"
      }
    },
    "tar": {
      "version": "6.1.13",
      "resolved": "https://registry.npmjs.org/tar/-/tar-6.1.13.tgz",
      "integrity": "sha512-jdIBIN6LTIe2jqzay/2vtYLlBHa3JF42ot3h1dW8Q0PaAG4v8rm0cvpVePtau5C6OKXGGcgO9q2AMNSWxiLqKw==",
      "requires": {
        "chownr": "^2.0.0",
        "fs-minipass": "^2.0.0",
        "minipass": "^4.0.0",
        "minizlib": "^2.1.1",
        "mkdirp": "^1.0.3",
        "yallist": "^4.0.0"
      }
    },
    "universalify": {
      "version": "2.0.1",
      "resolved": "https://registry.npmjs.org/universalify/-/universalify-2.0.1.tgz",
      "integrity": "sha512-gptHNQghINnc/vTGIk0SOFGFNXw7JVrlRUtConJRlvaw6DuX0wO5Jeko9sWrMBhh+PsYAZ7oXAiOnf/UKogyiw=="
    },
    "yallist": {
      "version": "4.0.0",
      "resolved": "https://registry.npmjs.org/yallist/-/yallist-4.0.0.tgz",
      "integrity": "sha512-3wdGidZyq5PB084XLES5TpOSRA3wjXAlIWMhum2kRcv/41Sn2emQ0dycQW4uZXLejwKvg6EsvbdlVL+FYEct7A=="
    }
  }
}
